
Microsoft Visual Studio Solution File, Format Version 12.00
# Visual Studio Version 16
VisualStudioVersion = 16.0.31702.278
MinimumVisualStudioVersion = 10.0.40219.1
Project("{FAE04EC0-301F-11D3-BF4B-00C04F79EFBC}") = "SJImobiliaria", "SJImobiliaria.csproj", "{FBC2B09C-F7C4-4389-880D-A631F557E1ED}"
EndProject
Global
	GlobalSection(SolutionConfigurationPlatforms) = preSolution
		Debug|Any CPU = Debug|Any CPU
		Release|Any CPU = Release|Any CPU
	EndGlobalSection
	GlobalSection(ProjectConfigurationPlatforms) = postSolution
		{FBC2B09C-F7C4-4389-880D-A631F557E1ED}.Debug|Any CPU.ActiveCfg = Debug|Any CPU
		{FBC2B09C-F7C4-4389-880D-A631F557E1ED}.Debug|Any CPU.Build.0 = Debug|Any CPU
		{FBC2B09C-F7C4-4389-880D-A631F557E1ED}.Release|Any CPU.ActiveCfg = Release|Any CPU
		{FBC2B09C-F7C4-4389-880D-A631F557E1ED}.Release|Any CPU.Build.0 = Release|Any CPU
	EndGlobalSection
	GlobalSection(SolutionProperties) = preSolution
		HideSolutionNode = FALSE
	EndGlobalSection
	GlobalSection(ExtensibilityGlobals) = postSolution
		SolutionGuid = {A8E39786-2D59-4CDA-A7B8-1C82DE7D36D2}
	EndGlobalSection
EndGlobal
